
Microsoft Visual Studio Solution File, Format Version 12.00
# Visual Studio Version 16
VisualStudioVersion = 16.0.29920.165
MinimumVisualStudioVersion = 10.0.40219.1
Project("{9A19103F-16F7-4668-BE54-9A1E7A4F7556}") = "MvcMovie.Service.Api", "MvcMovie.Service.Api\MvcMovie.Service.Api.csproj", "{1A47DF20-DD06-4E1E-A014-98FE1282A3AC}"
EndProject
Project("{9A19103F-16F7-4668-BE54-9A1E7A4F7556}") = "MvcMovie.Ui.Mvc", "MvcMovie.Ui.Mvc\MvcMovie.Ui.Mvc.csproj", "{D5B918D9-2B9A-49D4-B3FA-4B5AA5435134}"
EndProject
Project("{9A19103F-16F7-4668-BE54-9A1E7A4F7556}") = "MvcMovie.Service.Contract", "MvcMovie.Service.Contract\MvcMovie.Service.Contract.csproj", "{48D60BA0-DE1C-4499-8FF0-FA03F8E6B97F}"
EndProject
Project("{FAE04EC0-301F-11D3-BF4B-00C04F79EFBC}") = "MvcMovie.Service.Domain", "MvcMovie.Service.Domain\MvcMovie.Service.Domain.csproj", "{13782899-A6DF-4472-B466-12D9DF741B79}"
EndProject
Project("{FAE04EC0-301F-11D3-BF4B-00C04F79EFBC}") = "MvcMovie.Service.Infrastructure", "MvcMovie.Service.Infrastructure\MvcMovie.Service.Infrastructure.csproj", "{DA13A2D2-022B-4C12-8FED-F282463B58CA}"
EndProject
Global
	GlobalSection(SolutionConfigurationPlatforms) = preSolution
		Debug|Any CPU = Debug|Any CPU
		Release|Any CPU = Release|Any CPU
	EndGlobalSection
	GlobalSection(ProjectConfigurationPlatforms) = postSolution
		{1A47DF20-DD06-4E1E-A014-98FE1282A3AC}.Debug|Any CPU.ActiveCfg = Debug|Any CPU
		{1A47DF20-DD06-4E1E-A014-98FE1282A3AC}.Debug|Any CPU.Build.0 = Debug|Any CPU
		{1A47DF20-DD06-4E1E-A014-98FE1282A3AC}.Release|Any CPU.ActiveCfg = Release|Any CPU
		{1A47DF20-DD06-4E1E-A014-98FE1282A3AC}.Release|Any CPU.Build.0 = Release|Any CPU
		{D5B918D9-2B9A-49D4-B3FA-4B5AA5435134}.Debug|Any CPU.ActiveCfg = Debug|Any CPU
		{D5B918D9-2B9A-49D4-B3FA-4B5AA5435134}.Debug|Any CPU.Build.0 = Debug|Any CPU
		{D5B918D9-2B9A-49D4-B3FA-4B5AA5435134}.Release|Any CPU.ActiveCfg = Release|Any CPU
		{D5B918D9-2B9A-49D4-B3FA-4B5AA5435134}.Release|Any CPU.Build.0 = Release|Any CPU
		{48D60BA0-DE1C-4499-8FF0-FA03F8E6B97F}.Debug|Any CPU.ActiveCfg = Debug|Any CPU
		{48D60BA0-DE1C-4499-8FF0-FA03F8E6B97F}.Debug|Any CPU.Build.0 = Debug|Any CPU
		{48D60BA0-DE1C-4499-8FF0-FA03F8E6B97F}.Release|Any CPU.ActiveCfg = Release|Any CPU
		{48D60BA0-DE1C-4499-8FF0-FA03F8E6B97F}.Release|Any CPU.Build.0 = Release|Any CPU
		{13782899-A6DF-4472-B466-12D9DF741B79}.Debug|Any CPU.ActiveCfg = Debug|Any CPU
		{13782899-A6DF-4472-B466-12D9DF741B79}.Debug|Any CPU.Build.0 = Debug|Any CPU
		{13782899-A6DF-4472-B466-12D9DF741B79}.Release|Any CPU.ActiveCfg = Release|Any CPU
		{13782899-A6DF-4472-B466-12D9DF741B79}.Release|Any CPU.Build.0 = Release|Any CPU
		{DA13A2D2-022B-4C12-8FED-F282463B58CA}.Debug|Any CPU.ActiveCfg = Debug|Any CPU
		{DA13A2D2-022B-4C12-8FED-F282463B58CA}.Debug|Any CPU.Build.0 = Debug|Any CPU
		{DA13A2D2-022B-4C12-8FED-F282463B58CA}.Release|Any CPU.ActiveCfg = Release|Any CPU
		{DA13A2D2-022B-4C12-8FED-F282463B58CA}.Release|Any CPU.Build.0 = Release|Any CPU
	EndGlobalSection
	GlobalSection(SolutionProperties) = preSolution
		HideSolutionNode = FALSE
	EndGlobalSection
	GlobalSection(ExtensibilityGlobals) = postSolution
		SolutionGuid = {9E51FBCA-48B4-418E-940F-3B204EA3D6B7}
	EndGlobalSection
EndGlobal
